
Microsoft Visual Studio Solution File, Format Version 12.00
# Visual Studio Version 16
VisualStudioVersion = 16.0.31321.278
MinimumVisualStudioVersion = 10.0.40219.1
Project("{FAE04EC0-301F-11D3-BF4B-00C04F79EFBC}") = "supabase-walaa", "supabase-walaa\supabase-walaa.csproj", "{FDF5708A-3DCE-450C-905D-DB9BC30D1E94}"
EndProject
Global
	GlobalSection(SolutionConfigurationPlatforms) = preSolution
		Debug|Any CPU = Debug|Any CPU
		Release|Any CPU = Release|Any CPU
	EndGlobalSection
	GlobalSection(ProjectConfigurationPlatforms) = postSolution
		{FDF5708A-3DCE-450C-905D-DB9BC30D1E94}.Debug|Any CPU.ActiveCfg = Debug|Any CPU
		{FDF5708A-3DCE-450C-905D-DB9BC30D1E94}.Debug|Any CPU.Build.0 = Debug|Any CPU
		{FDF5708A-3DCE-450C-905D-DB9BC30D1E94}.Release|Any CPU.ActiveCfg = Release|Any CPU
		{FDF5708A-3DCE-450C-905D-DB9BC30D1E94}.Release|Any CPU.Build.0 = Release|Any CPU
	EndGlobalSection
	GlobalSection(SolutionProperties) = preSolution
		HideSolutionNode = FALSE
	EndGlobalSection
	GlobalSection(ExtensibilityGlobals) = postSolution
		SolutionGuid = {965C4B25-52F6-432C-B94E-431D263337F6}
	EndGlobalSection
EndGlobal
